
Microsoft Visual Studio Solution File, Format Version 12.00
# Visual Studio Version 17
VisualStudioVersion = 17.14.36408.4 d17.14
MinimumVisualStudioVersion = 10.0.40219.1
Project("{FAE04EC0-301F-11D3-BF4B-00C04F79EFBC}") = "Lab2", "Lab2\Lab2.csproj", "{AAEA8AB7-4925-4D8F-8502-0A8CDCD833B1}"
EndProject
Global
	GlobalSection(SolutionConfigurationPlatforms) = preSolution
		Debug|Any CPU = Debug|Any CPU
		Release|Any CPU = Release|Any CPU
	EndGlobalSection
	GlobalSection(ProjectConfigurationPlatforms) = postSolution
		{AAEA8AB7-4925-4D8F-8502-0A8CDCD833B1}.Debug|Any CPU.ActiveCfg = Debug|Any CPU
		{AAEA8AB7-4925-4D8F-8502-0A8CDCD833B1}.Debug|Any CPU.Build.0 = Debug|Any CPU
		{AAEA8AB7-4925-4D8F-8502-0A8CDCD833B1}.Release|Any CPU.ActiveCfg = Release|Any CPU
		{AAEA8AB7-4925-4D8F-8502-0A8CDCD833B1}.Release|Any CPU.Build.0 = Release|Any CPU
	EndGlobalSection
	GlobalSection(SolutionProperties) = preSolution
		HideSolutionNode = FALSE
	EndGlobalSection
	GlobalSection(ExtensibilityGlobals) = postSolution
		SolutionGuid = {FCDCAC8A-9E0E-4010-BFA2-C446FB44E3A3}
	EndGlobalSection
EndGlobal
