
Microsoft Visual Studio Solution File, Format Version 12.00
# Visual Studio Version 17
VisualStudioVersion = 17.14.36408.4 d17.14
MinimumVisualStudioVersion = 10.0.40219.1
Project("{8BC9CEB8-8B4A-11D0-8D11-00A0C91BC942}") = "LAB 5,", "LAB 5,\LAB 5,.vcxproj", "{2481A627-5347-4258-B604-2AFDDB180599}"
EndProject
Global
	GlobalSection(SolutionConfigurationPlatforms) = preSolution
		Debug|x64 = Debug|x64
		Debug|x86 = Debug|x86
		Release|x64 = Release|x64
		Release|x86 = Release|x86
	EndGlobalSection
	GlobalSection(ProjectConfigurationPlatforms) = postSolution
		{2481A627-5347-4258-B604-2AFDDB180599}.Debug|x64.ActiveCfg = Debug|x64
		{2481A627-5347-4258-B604-2AFDDB180599}.Debug|x64.Build.0 = Debug|x64
		{2481A627-5347-4258-B604-2AFDDB180599}.Debug|x86.ActiveCfg = Debug|Win32
		{2481A627-5347-4258-B604-2AFDDB180599}.Debug|x86.Build.0 = Debug|Win32
		{2481A627-5347-4258-B604-2AFDDB180599}.Release|x64.ActiveCfg = Release|x64
		{2481A627-5347-4258-B604-2AFDDB180599}.Release|x64.Build.0 = Release|x64
		{2481A627-5347-4258-B604-2AFDDB180599}.Release|x86.ActiveCfg = Release|Win32
		{2481A627-5347-4258-B604-2AFDDB180599}.Release|x86.Build.0 = Release|Win32
	EndGlobalSection
	GlobalSection(SolutionProperties) = preSolution
		HideSolutionNode = FALSE
	EndGlobalSection
	GlobalSection(ExtensibilityGlobals) = postSolution
		SolutionGuid = {14F1CA8F-4B92-41C5-A58D-4922B6C17224}
	EndGlobalSection
EndGlobal
